// !$*UTF8*$!
{
	archiveVersion = 1;
	classes = {
	};
	objectVersion = 50;
	objects = {

/* Begin PBXBuildFile section */
		03B022D1208FB9D100A4E569 /* AppDelegate.swift in Sources */ = {isa = PBXBuildFile; fileRef = 03B022D0208FB9D100A4E569 /* AppDelegate.swift */; };
		03B022D3208FB9D100A4E569 /* HomeViewController.swift in Sources */ = {isa = PBXBuildFile; fileRef = 03B022D2208FB9D100A4E569 /* HomeViewController.swift */; };
		03B022D8208FB9D200A4E569 /* Assets.xcassets in Resources */ = {isa = PBXBuildFile; fileRef = 03B022D7208FB9D200A4E569 /* Assets.xcassets */; };
		03B022DB208FB9D200A4E569 /* LaunchScreen.storyboard in Resources */ = {isa = PBXBuildFile; fileRef = 03B022D9208FB9D200A4E569 /* LaunchScreen.storyboard */; };
		03B022E6208FB9D300A4E569 /* WillBrandin_WeatherChallengeTests.swift in Sources */ = {isa = PBXBuildFile; fileRef = 03B022E5208FB9D300A4E569 /* WillBrandin_WeatherChallengeTests.swift */; };
		03B022F5208FBBC500A4E569 /* WBColors.swift in Sources */ = {isa = PBXBuildFile; fileRef = 03B022F4208FBBC500A4E569 /* WBColors.swift */; };
		03B022F8208FBC3200A4E569 /* ColorExtensions.swift in Sources */ = {isa = PBXBuildFile; fileRef = 03B022F7208FBC3200A4E569 /* ColorExtensions.swift */; };
		03B022FA208FBC4A00A4E569 /* StringExtensions.swift in Sources */ = {isa = PBXBuildFile; fileRef = 03B022F9208FBC4A00A4E569 /* StringExtensions.swift */; };
		03B022FC208FBE7800A4E569 /* HomeSearchView.swift in Sources */ = {isa = PBXBuildFile; fileRef = 03B022FB208FBE7800A4E569 /* HomeSearchView.swift */; };
		03B022FF208FC1D300A4E569 /* Forecast.swift in Sources */ = {isa = PBXBuildFile; fileRef = 03B022FE208FC1D300A4E569 /* Forecast.swift */; };
		03B02301208FCAA200A4E569 /* WBEnums.swift in Sources */ = {isa = PBXBuildFile; fileRef = 03B02300208FCAA200A4E569 /* WBEnums.swift */; };
		03B02304208FCD9300A4E569 /* WBFloatingSearchBar.swift in Sources */ = {isa = PBXBuildFile; fileRef = 03B02303208FCD9300A4E569 /* WBFloatingSearchBar.swift */; };
		03B02307208FD1C700A4E569 /* CornerRoundable.swift in Sources */ = {isa = PBXBuildFile; fileRef = 03B02306208FD1C700A4E569 /* CornerRoundable.swift */; };
		03B02309208FD20F00A4E569 /* Shadowable.swift in Sources */ = {isa = PBXBuildFile; fileRef = 03B02308208FD20F00A4E569 /* Shadowable.swift */; };
		03B0230B208FD6D700A4E569 /* TodaysResultView.swift in Sources */ = {isa = PBXBuildFile; fileRef = 03B0230A208FD6D700A4E569 /* TodaysResultView.swift */; };
		03B0230D208FD9E700A4E569 /* FiveDayForecastView.swift in Sources */ = {isa = PBXBuildFile; fileRef = 03B0230C208FD9E700A4E569 /* FiveDayForecastView.swift */; };
		03B0230F208FEF5D00A4E569 /* CellReusable.swift in Sources */ = {isa = PBXBuildFile; fileRef = 03B0230E208FEF5D00A4E569 /* CellReusable.swift */; };
		03B02311208FEF7D00A4E569 /* CollectionViewExtensions.swift in Sources */ = {isa = PBXBuildFile; fileRef = 03B02310208FEF7D00A4E569 /* CollectionViewExtensions.swift */; };
		03B02315208FF0DF00A4E569 /* WeatherCollectionViewCell.swift in Sources */ = {isa = PBXBuildFile; fileRef = 03B02314208FF0DF00A4E569 /* WeatherCollectionViewCell.swift */; };
		03B02317208FFFC000A4E569 /* DoubleExtensions.swift in Sources */ = {isa = PBXBuildFile; fileRef = 03B02316208FFFC000A4E569 /* DoubleExtensions.swift */; };
		03B023192090D59C00A4E569 /* WBImages.swift in Sources */ = {isa = PBXBuildFile; fileRef = 03B023182090D59C00A4E569 /* WBImages.swift */; };
		03B0231B2090DAA200A4E569 /* ViewExtensions.swift in Sources */ = {isa = PBXBuildFile; fileRef = 03B0231A2090DAA200A4E569 /* ViewExtensions.swift */; };
		03B0231D2090DAD200A4E569 /* WBErrors.swift in Sources */ = {isa = PBXBuildFile; fileRef = 03B0231C2090DAD200A4E569 /* WBErrors.swift */; };
/* End PBXBuildFile section */

/* Begin PBXContainerItemProxy section */
		03B022E2208FB9D300A4E569 /* PBXContainerItemProxy */ = {
			isa = PBXContainerItemProxy;
			containerPortal = 03B022C5208FB9D100A4E569 /* Project object */;
			proxyType = 1;
			remoteGlobalIDString = 03B022CC208FB9D100A4E569;
			remoteInfo = "WillBrandin-WeatherChallenge";
		};
/* End PBXContainerItemProxy section */

/* Begin PBXFileReference section */
		03B022CD208FB9D100A4E569 /* WillBrandin-WeatherChallenge.app */ = {isa = PBXFileReference; explicitFileType = wrapper.application; includeInIndex = 0; path = "WillBrandin-WeatherChallenge.app"; sourceTree = BUILT_PRODUCTS_DIR; };
		03B022D0208FB9D100A4E569 /* AppDelegate.swift */ = {isa = PBXFileReference; lastKnownFileType = sourcecode.swift; path = AppDelegate.swift; sourceTree = "<group>"; };
		03B022D2208FB9D100A4E569 /* HomeViewController.swift */ = {isa = PBXFileReference; lastKnownFileType = sourcecode.swift; path = HomeViewController.swift; sourceTree = "<group>"; };
		03B022D7208FB9D200A4E569 /* Assets.xcassets */ = {isa = PBXFileReference; lastKnownFileType = folder.assetcatalog; path = Assets.xcassets; sourceTree = "<group>"; };
		03B022DA208FB9D200A4E569 /* Base */ = {isa = PBXFileReference; lastKnownFileType = file.storyboard; name = Base; path = Base.lproj/LaunchScreen.storyboard; sourceTree = "<group>"; };
		03B022DC208FB9D300A4E569 /* Info.plist */ = {isa = PBXFileReference; lastKnownFileType = text.plist.xml; path = Info.plist; sourceTree = "<group>"; };
		03B022E1208FB9D300A4E569 /* WillBrandin-WeatherChallengeTests.xctest */ = {isa = PBXFileReference; explicitFileType = wrapper.cfbundle; includeInIndex = 0; path = "WillBrandin-WeatherChallengeTests.xctest"; sourceTree = BUILT_PRODUCTS_DIR; };
		03B022E5208FB9D300A4E569 /* WillBrandin_WeatherChallengeTests.swift */ = {isa = PBXFileReference; lastKnownFileType = sourcecode.swift; path = WillBrandin_WeatherChallengeTests.swift; sourceTree = "<group>"; };
		03B022E7208FB9D300A4E569 /* Info.plist */ = {isa = PBXFileReference; lastKnownFileType = text.plist.xml; path = Info.plist; sourceTree = "<group>"; };
		03B022F4208FBBC500A4E569 /* WBColors.swift */ = {isa = PBXFileReference; lastKnownFileType = sourcecode.swift; path = WBColors.swift; sourceTree = "<group>"; };
		03B022F7208FBC3200A4E569 /* ColorExtensions.swift */ = {isa = PBXFileReference; lastKnownFileType = sourcecode.swift; path = ColorExtensions.swift; sourceTree = "<group>"; };
		03B022F9208FBC4A00A4E569 /* StringExtensions.swift */ = {isa = PBXFileReference; lastKnownFileType = sourcecode.swift; path = StringExtensions.swift; sourceTree = "<group>"; };
		03B022FB208FBE7800A4E569 /* HomeSearchView.swift */ = {isa = PBXFileReference; lastKnownFileType = sourcecode.swift; path = HomeSearchView.swift; sourceTree = "<group>"; };
		03B022FE208FC1D300A4E569 /* Forecast.swift */ = {isa = PBXFileReference; lastKnownFileType = sourcecode.swift; path = Forecast.swift; sourceTree = "<group>"; };
		03B02300208FCAA200A4E569 /* WBEnums.swift */ = {isa = PBXFileReference; lastKnownFileType = sourcecode.swift; path = WBEnums.swift; sourceTree = "<group>"; };
		03B02303208FCD9300A4E569 /* WBFloatingSearchBar.swift */ = {isa = PBXFileReference; lastKnownFileType = sourcecode.swift; path = WBFloatingSearchBar.swift; sourceTree = "<group>"; };
		03B02306208FD1C700A4E569 /* CornerRoundable.swift */ = {isa = PBXFileReference; lastKnownFileType = sourcecode.swift; path = CornerRoundable.swift; sourceTree = "<group>"; };
		03B02308208FD20F00A4E569 /* Shadowable.swift */ = {isa = PBXFileReference; lastKnownFileType = sourcecode.swift; path = Shadowable.swift; sourceTree = "<group>"; };
		03B0230A208FD6D700A4E569 /* TodaysResultView.swift */ = {isa = PBXFileReference; lastKnownFileType = sourcecode.swift; path = TodaysResultView.swift; sourceTree = "<group>"; };
		03B0230C208FD9E700A4E569 /* FiveDayForecastView.swift */ = {isa = PBXFileReference; lastKnownFileType = sourcecode.swift; path = FiveDayForecastView.swift; sourceTree = "<group>"; };
		03B0230E208FEF5D00A4E569 /* CellReusable.swift */ = {isa = PBXFileReference; lastKnownFileType = sourcecode.swift; path = CellReusable.swift; sourceTree = "<group>"; };
		03B02310208FEF7D00A4E569 /* CollectionViewExtensions.swift */ = {isa = PBXFileReference; lastKnownFileType = sourcecode.swift; path = CollectionViewExtensions.swift; sourceTree = "<group>"; };
		03B02314208FF0DF00A4E569 /* WeatherCollectionViewCell.swift */ = {isa = PBXFileReference; lastKnownFileType = sourcecode.swift; path = WeatherCollectionViewCell.swift; sourceTree = "<group>"; };
		03B02316208FFFC000A4E569 /* DoubleExtensions.swift */ = {isa = PBXFileReference; lastKnownFileType = sourcecode.swift; path = DoubleExtensions.swift; sourceTree = "<group>"; };
		03B023182090D59C00A4E569 /* WBImages.swift */ = {isa = PBXFileReference; lastKnownFileType = sourcecode.swift; path = WBImages.swift; sourceTree = "<group>"; };
		03B0231A2090DAA200A4E569 /* ViewExtensions.swift */ = {isa = PBXFileReference; lastKnownFileType = sourcecode.swift; path = ViewExtensions.swift; sourceTree = "<group>"; };
		03B0231C2090DAD200A4E569 /* WBErrors.swift */ = {isa = PBXFileReference; lastKnownFileType = sourcecode.swift; path = WBErrors.swift; sourceTree = "<group>"; };
/* End PBXFileReference section */

/* Begin PBXFrameworksBuildPhase section */
		03B022CA208FB9D100A4E569 /* Frameworks */ = {
			isa = PBXFrameworksBuildPhase;
			buildActionMask = 2147483647;
			files = (
			);
			runOnlyForDeploymentPostprocessing = 0;
		};
		03B022DE208FB9D300A4E569 /* Frameworks */ = {
			isa = PBXFrameworksBuildPhase;
			buildActionMask = 2147483647;
			files = (
			);
			runOnlyForDeploymentPostprocessing = 0;
		};
/* End PBXFrameworksBuildPhase section */

/* Begin PBXGroup section */
		03B022C4208FB9D100A4E569 = {
			isa = PBXGroup;
			children = (
				03B022CF208FB9D100A4E569 /* WillBrandin-WeatherChallenge */,
				03B022E4208FB9D300A4E569 /* WillBrandin-WeatherChallengeTests */,
				03B022CE208FB9D100A4E569 /* Products */,
			);
			sourceTree = "<group>";
		};
		03B022CE208FB9D100A4E569 /* Products */ = {
			isa = PBXGroup;
			children = (
				03B022CD208FB9D100A4E569 /* WillBrandin-WeatherChallenge.app */,
				03B022E1208FB9D300A4E569 /* WillBrandin-WeatherChallengeTests.xctest */,
			);
			name = Products;
			sourceTree = "<group>";
		};
		03B022CF208FB9D100A4E569 /* WillBrandin-WeatherChallenge */ = {
			isa = PBXGroup;
			children = (
				03B022F3208FBBB400A4E569 /* Util */,
				03B022F2208FBB5500A4E569 /* Models */,
				03B022F1208FBB4200A4E569 /* ViewControllers */,
				03B022D0208FB9D100A4E569 /* AppDelegate.swift */,
				03B022D7208FB9D200A4E569 /* Assets.xcassets */,
				03B022D9208FB9D200A4E569 /* LaunchScreen.storyboard */,
				03B022DC208FB9D300A4E569 /* Info.plist */,
			);
			path = "WillBrandin-WeatherChallenge";
			sourceTree = "<group>";
		};
		03B022E4208FB9D300A4E569 /* WillBrandin-WeatherChallengeTests */ = {
			isa = PBXGroup;
			children = (
				03B022E5208FB9D300A4E569 /* WillBrandin_WeatherChallengeTests.swift */,
				03B022E7208FB9D300A4E569 /* Info.plist */,
			);
			path = "WillBrandin-WeatherChallengeTests";
			sourceTree = "<group>";
		};
		03B022F0208FBB3A00A4E569 /* Home */ = {
			isa = PBXGroup;
			children = (
				03B022FB208FBE7800A4E569 /* HomeSearchView.swift */,
				03B02313208FF0C600A4E569 /* SubViews */,
				03B02312208FF0AE00A4E569 /* Cell */,
				03B022D2208FB9D100A4E569 /* HomeViewController.swift */,
			);
			path = Home;
			sourceTree = "<group>";
		};
		03B022F1208FBB4200A4E569 /* ViewControllers */ = {
			isa = PBXGroup;
			children = (
				03B022F0208FBB3A00A4E569 /* Home */,
			);
			path = ViewControllers;
			sourceTree = "<group>";
		};
		03B022F2208FBB5500A4E569 /* Models */ = {
			isa = PBXGroup;
			children = (
				03B022FE208FC1D300A4E569 /* Forecast.swift */,
			);
			path = Models;
			sourceTree = "<group>";
		};
		03B022F3208FBBB400A4E569 /* Util */ = {
			isa = PBXGroup;
			children = (
				03B02305208FD1B400A4E569 /* Protocols */,
				03B02302208FCD6E00A4E569 /* WBUIKit */,
				03B022FD208FBF7B00A4E569 /* Enums */,
				03B022F6208FBC2100A4E569 /* Extensions */,
				03B022F4208FBBC500A4E569 /* WBColors.swift */,
				03B023182090D59C00A4E569 /* WBImages.swift */,
			);
			path = Util;
			sourceTree = "<group>";
		};
		03B022F6208FBC2100A4E569 /* Extensions */ = {
			isa = PBXGroup;
			children = (
				03B022F7208FBC3200A4E569 /* ColorExtensions.swift */,
				03B022F9208FBC4A00A4E569 /* StringExtensions.swift */,
				03B02310208FEF7D00A4E569 /* CollectionViewExtensions.swift */,
				03B02316208FFFC000A4E569 /* DoubleExtensions.swift */,
				03B0231A2090DAA200A4E569 /* ViewExtensions.swift */,
			);
			path = Extensions;
			sourceTree = "<group>";
		};
		03B022FD208FBF7B00A4E569 /* Enums */ = {
			isa = PBXGroup;
			children = (
				03B02300208FCAA200A4E569 /* WBEnums.swift */,
				03B0231C2090DAD200A4E569 /* WBErrors.swift */,
			);
			path = Enums;
			sourceTree = "<group>";
		};
		03B02302208FCD6E00A4E569 /* WBUIKit */ = {
			isa = PBXGroup;
			children = (
				03B02303208FCD9300A4E569 /* WBFloatingSearchBar.swift */,
			);
			path = WBUIKit;
			sourceTree = "<group>";
		};
		03B02305208FD1B400A4E569 /* Protocols */ = {
			isa = PBXGroup;
			children = (
				03B02306208FD1C700A4E569 /* CornerRoundable.swift */,
				03B02308208FD20F00A4E569 /* Shadowable.swift */,
				03B0230E208FEF5D00A4E569 /* CellReusable.swift */,
			);
			path = Protocols;
			sourceTree = "<group>";
		};
		03B02312208FF0AE00A4E569 /* Cell */ = {
			isa = PBXGroup;
			children = (
				03B02314208FF0DF00A4E569 /* WeatherCollectionViewCell.swift */,
			);
			path = Cell;
			sourceTree = "<group>";
		};
		03B02313208FF0C600A4E569 /* SubViews */ = {
			isa = PBXGroup;
			children = (
				03B0230A208FD6D700A4E569 /* TodaysResultView.swift */,
				03B0230C208FD9E700A4E569 /* FiveDayForecastView.swift */,
			);
			path = SubViews;
			sourceTree = "<group>";
		};
/* End PBXGroup section */

/* Begin PBXNativeTarget section */
		03B022CC208FB9D100A4E569 /* WillBrandin-WeatherChallenge */ = {
			isa = PBXNativeTarget;
			buildConfigurationList = 03B022EA208FB9D300A4E569 /* Build configuration list for PBXNativeTarget "WillBrandin-WeatherChallenge" */;
			buildPhases = (
				03B022C9208FB9D100A4E569 /* Sources */,
				03B022CA208FB9D100A4E569 /* Frameworks */,
				03B022CB208FB9D100A4E569 /* Resources */,
			);
			buildRules = (
			);
			dependencies = (
			);
			name = "WillBrandin-WeatherChallenge";
			productName = "WillBrandin-WeatherChallenge";
			productReference = 03B022CD208FB9D100A4E569 /* WillBrandin-WeatherChallenge.app */;
			productType = "com.apple.product-type.application";
		};
		03B022E0208FB9D300A4E569 /* WillBrandin-WeatherChallengeTests */ = {
			isa = PBXNativeTarget;
			buildConfigurationList = 03B022ED208FB9D300A4E569 /* Build configuration list for PBXNativeTarget "WillBrandin-WeatherChallengeTests" */;
			buildPhases = (
				03B022DD208FB9D300A4E569 /* Sources */,
				03B022DE208FB9D300A4E569 /* Frameworks */,
				03B022DF208FB9D300A4E569 /* Resources */,
			);
			buildRules = (
			);
			dependencies = (
				03B022E3208FB9D300A4E569 /* PBXTargetDependency */,
			);
			name = "WillBrandin-WeatherChallengeTests";
			productName = "WillBrandin-WeatherChallengeTests";
			productReference = 03B022E1208FB9D300A4E569 /* WillBrandin-WeatherChallengeTests.xctest */;
			productType = "com.apple.product-type.bundle.unit-test";
		};
/* End PBXNativeTarget section */

/* Begin PBXProject section */
		03B022C5208FB9D100A4E569 /* Project object */ = {
			isa = PBXProject;
			attributes = {
				LastSwiftUpdateCheck = 0930;
				LastUpgradeCheck = 0930;
				ORGANIZATIONNAME = "William Brandin";
				TargetAttributes = {
					03B022CC208FB9D100A4E569 = {
						CreatedOnToolsVersion = 9.3;
					};
					03B022E0208FB9D300A4E569 = {
						CreatedOnToolsVersion = 9.3;
						TestTargetID = 03B022CC208FB9D100A4E569;
					};
				};
			};
			buildConfigurationList = 03B022C8208FB9D100A4E569 /* Build configuration list for PBXProject "WillBrandin-WeatherChallenge" */;
			compatibilityVersion = "Xcode 9.3";
			developmentRegion = en;
			hasScannedForEncodings = 0;
			knownRegions = (
				en,
				Base,
			);
			mainGroup = 03B022C4208FB9D100A4E569;
			productRefGroup = 03B022CE208FB9D100A4E569 /* Products */;
			projectDirPath = "";
			projectRoot = "";
			targets = (
				03B022CC208FB9D100A4E569 /* WillBrandin-WeatherChallenge */,
				03B022E0208FB9D300A4E569 /* WillBrandin-WeatherChallengeTests */,
			);
		};
/* End PBXProject section */

/* Begin PBXResourcesBuildPhase section */
		03B022CB208FB9D100A4E569 /* Resources */ = {
			isa = PBXResourcesBuildPhase;
			buildActionMask = 2147483647;
			files = (
				03B022DB208FB9D200A4E569 /* LaunchScreen.storyboard in Resources */,
				03B022D8208FB9D200A4E569 /* Assets.xcassets in Resources */,
			);
			runOnlyForDeploymentPostprocessing = 0;
		};
		03B022DF208FB9D300A4E569 /* Resources */ = {
			isa = PBXResourcesBuildPhase;
			buildActionMask = 2147483647;
			files = (
			);
			runOnlyForDeploymentPostprocessing = 0;
		};
/* End PBXResourcesBuildPhase section */

/* Begin PBXSourcesBuildPhase section */
		03B022C9208FB9D100A4E569 /* Sources */ = {
			isa = PBXSourcesBuildPhase;
			buildActionMask = 2147483647;
			files = (
				03B022F5208FBBC500A4E569 /* WBColors.swift in Sources */,
				03B02315208FF0DF00A4E569 /* WeatherCollectionViewCell.swift in Sources */,
				03B02301208FCAA200A4E569 /* WBEnums.swift in Sources */,
				03B02309208FD20F00A4E569 /* Shadowable.swift in Sources */,
				03B023192090D59C00A4E569 /* WBImages.swift in Sources */,
				03B02311208FEF7D00A4E569 /* CollectionViewExtensions.swift in Sources */,
				03B02317208FFFC000A4E569 /* DoubleExtensions.swift in Sources */,
				03B0230D208FD9E700A4E569 /* FiveDayForecastView.swift in Sources */,
				03B0230B208FD6D700A4E569 /* TodaysResultView.swift in Sources */,
				03B022D3208FB9D100A4E569 /* HomeViewController.swift in Sources */,
				03B0230F208FEF5D00A4E569 /* CellReusable.swift in Sources */,
				03B0231B2090DAA200A4E569 /* ViewExtensions.swift in Sources */,
				03B02307208FD1C700A4E569 /* CornerRoundable.swift in Sources */,
				03B022FF208FC1D300A4E569 /* Forecast.swift in Sources */,
				03B022FA208FBC4A00A4E569 /* StringExtensions.swift in Sources */,
				03B0231D2090DAD200A4E569 /* WBErrors.swift in Sources */,
				03B02304208FCD9300A4E569 /* WBFloatingSearchBar.swift in Sources */,
				03B022D1208FB9D100A4E569 /* AppDelegate.swift in Sources */,
				03B022F8208FBC3200A4E569 /* ColorExtensions.swift in Sources */,
				03B022FC208FBE7800A4E569 /* HomeSearchView.swift in Sources */,
			);
			runOnlyForDeploymentPostprocessing = 0;
		};
		03B022DD208FB9D300A4E569 /* Sources */ = {
			isa = PBXSourcesBuildPhase;
			buildActionMask = 2147483647;
			files = (
				03B022E6208FB9D300A4E569 /* WillBrandin_WeatherChallengeTests.swift in Sources */,
			);
			runOnlyForDeploymentPostprocessing = 0;
		};
/* End PBXSourcesBuildPhase section */

/* Begin PBXTargetDependency section */
		03B022E3208FB9D300A4E569 /* PBXTargetDependency */ = {
			isa = PBXTargetDependency;
			target = 03B022CC208FB9D100A4E569 /* WillBrandin-WeatherChallenge */;
			targetProxy = 03B022E2208FB9D300A4E569 /* PBXContainerItemProxy */;
		};
/* End PBXTargetDependency section */

/* Begin PBXVariantGroup section */
		03B022D9208FB9D200A4E569 /* LaunchScreen.storyboard */ = {
			isa = PBXVariantGroup;
			children = (
				03B022DA208FB9D200A4E569 /* Base */,
			);
			name = LaunchScreen.storyboard;
			sourceTree = "<group>";
		};
/* End PBXVariantGroup section */

/* Begin XCBuildConfiguration section */
		03B022E8208FB9D300A4E569 /* Debug */ = {
			isa = XCBuildConfiguration;
			buildSettings = {
				ALWAYS_SEARCH_USER_PATHS = NO;
				CLANG_ANALYZER_NONNULL = YES;
				CLANG_ANALYZER_NUMBER_OBJECT_CONVERSION = YES_AGGRESSIVE;
				CLANG_CXX_LANGUAGE_STANDARD = "gnu++14";
				CLANG_CXX_LIBRARY = "libc++";
				CLANG_ENABLE_MODULES = YES;
				CLANG_ENABLE_OBJC_ARC = YES;
				CLANG_ENABLE_OBJC_WEAK = YES;
				CLANG_WARN_BLOCK_CAPTURE_AUTORELEASING = YES;
				CLANG_WARN_BOOL_CONVERSION = YES;
				CLANG_WARN_COMMA = YES;
				CLANG_WARN_CONSTANT_CONVERSION = YES;
				CLANG_WARN_DEPRECATED_OBJC_IMPLEMENTATIONS = YES;
				CLANG_WARN_DIRECT_OBJC_ISA_USAGE = YES_ERROR;
				CLANG_WARN_DOCUMENTATION_COMMENTS = YES;
				CLANG_WARN_EMPTY_BODY = YES;
				CLANG_WARN_ENUM_CONVERSION = YES;
				CLANG_WARN_INFINITE_RECURSION = YES;
				CLANG_WARN_INT_CONVERSION = YES;
				CLANG_WARN_NON_LITERAL_NULL_CONVERSION = YES;
				CLANG_WARN_OBJC_IMPLICIT_RETAIN_SELF = YES;
				CLANG_WARN_OBJC_LITERAL_CONVERSION = YES;
				CLANG_WARN_OBJC_ROOT_CLASS = YES_ERROR;
				CLANG_WARN_RANGE_LOOP_ANALYSIS = YES;
				CLANG_WARN_STRICT_PROTOTYPES = YES;
				CLANG_WARN_SUSPICIOUS_MOVE = YES;
				CLANG_WARN_UNGUARDED_AVAILABILITY = YES_AGGRESSIVE;
				CLANG_WARN_UNREACHABLE_CODE = YES;
				CLANG_WARN__DUPLICATE_METHOD_MATCH = YES;
				CODE_SIGN_IDENTITY = "iPhone Developer";
				COPY_PHASE_STRIP = NO;
				DEBUG_INFORMATION_FORMAT = dwarf;
				ENABLE_STRICT_OBJC_MSGSEND = YES;
				ENABLE_TESTABILITY = YES;
				GCC_C_LANGUAGE_STANDARD = gnu11;
				GCC_DYNAMIC_NO_PIC = NO;
				GCC_NO_COMMON_BLOCKS = YES;
				GCC_OPTIMIZATION_LEVEL = 0;
				GCC_PREPROCESSOR_DEFINITIONS = (
					"DEBUG=1",
					"$(inherited)",
				);
				GCC_WARN_64_TO_32_BIT_CONVERSION = YES;
				GCC_WARN_ABOUT_RETURN_TYPE = YES_ERROR;
				GCC_WARN_UNDECLARED_SELECTOR = YES;
				GCC_WARN_UNINITIALIZED_AUTOS = YES_AGGRESSIVE;
				GCC_WARN_UNUSED_FUNCTION = YES;
				GCC_WARN_UNUSED_VARIABLE = YES;
				IPHONEOS_DEPLOYMENT_TARGET = 11.3;
				MTL_ENABLE_DEBUG_INFO = YES;
				ONLY_ACTIVE_ARCH = YES;
				SDKROOT = iphoneos;
				SWIFT_ACTIVE_COMPILATION_CONDITIONS = DEBUG;
				SWIFT_OPTIMIZATION_LEVEL = "-Onone";
			};
			name = Debug;
		};
		03B022E9208FB9D300A4E569 /* Release */ = {
			isa = XCBuildConfiguration;
			buildSettings = {
				ALWAYS_SEARCH_USER_PATHS = NO;
				CLANG_ANALYZER_NONNULL = YES;
				CLANG_ANALYZER_NUMBER_OBJECT_CONVERSION = YES_AGGRESSIVE;
				CLANG_CXX_LANGUAGE_STANDARD = "gnu++14";
				CLANG_CXX_LIBRARY = "libc++";
				CLANG_ENABLE_MODULES = YES;
				CLANG_ENABLE_OBJC_ARC = YES;
				CLANG_ENABLE_OBJC_WEAK = YES;
				CLANG_WARN_BLOCK_CAPTURE_AUTORELEASING = YES;
				CLANG_WARN_BOOL_CONVERSION = YES;
				CLANG_WARN_COMMA = YES;
				CLANG_WARN_CONSTANT_CONVERSION = YES;
				CLANG_WARN_DEPRECATED_OBJC_IMPLEMENTATIONS = YES;
				CLANG_WARN_DIRECT_OBJC_ISA_USAGE = YES_ERROR;
				CLANG_WARN_DOCUMENTATION_COMMENTS = YES;
				CLANG_WARN_EMPTY_BODY = YES;
				CLANG_WARN_ENUM_CONVERSION = YES;
				CLANG_WARN_INFINITE_RECURSION = YES;
				CLANG_WARN_INT_CONVERSION = YES;
				CLANG_WARN_NON_LITERAL_NULL_CONVERSION = YES;
				CLANG_WARN_OBJC_IMPLICIT_RETAIN_SELF = YES;
				CLANG_WARN_OBJC_LITERAL_CONVERSION = YES;
				CLANG_WARN_OBJC_ROOT_CLASS = YES_ERROR;
				CLANG_WARN_RANGE_LOOP_ANALYSIS = YES;
				CLANG_WARN_STRICT_PROTOTYPES = YES;
				CLANG_WARN_SUSPICIOUS_MOVE = YES;
				CLANG_WARN_UNGUARDED_AVAILABILITY = YES_AGGRESSIVE;
				CLANG_WARN_UNREACHABLE_CODE = YES;
				CLANG_WARN__DUPLICATE_METHOD_MATCH = YES;
				CODE_SIGN_IDENTITY = "iPhone Developer";
				COPY_PHASE_STRIP = NO;
				DEBUG_INFORMATION_FORMAT = "dwarf-with-dsym";
				ENABLE_NS_ASSERTIONS = NO;
				ENABLE_STRICT_OBJC_MSGSEND = YES;
				GCC_C_LANGUAGE_STANDARD = gnu11;
				GCC_NO_COMMON_BLOCKS = YES;
				GCC_WARN_64_TO_32_BIT_CONVERSION = YES;
				GCC_WARN_ABOUT_RETURN_TYPE = YES_ERROR;
				GCC_WARN_UNDECLARED_SELECTOR = YES;
				GCC_WARN_UNINITIALIZED_AUTOS = YES_AGGRESSIVE;
				GCC_WARN_UNUSED_FUNCTION = YES;
				GCC_WARN_UNUSED_VARIABLE = YES;
				IPHONEOS_DEPLOYMENT_TARGET = 11.3;
				MTL_ENABLE_DEBUG_INFO = NO;
				SDKROOT = iphoneos;
				SWIFT_COMPILATION_MODE = wholemodule;
				SWIFT_OPTIMIZATION_LEVEL = "-O";
				VALIDATE_PRODUCT = YES;
			};
			name = Release;
		};
		03B022EB208FB9D300A4E569 /* Debug */ = {
			isa = XCBuildConfiguration;
			buildSettings = {
				ASSETCATALOG_COMPILER_APPICON_NAME = AppIcon;
				CODE_SIGN_STYLE = Automatic;
				DEVELOPMENT_TEAM = M5QM989GLQ;
				INFOPLIST_FILE = "WillBrandin-WeatherChallenge/Info.plist";
				IPHONEOS_DEPLOYMENT_TARGET = 11.0;
				LD_RUNPATH_SEARCH_PATHS = (
					"$(inherited)",
					"@executable_path/Frameworks",
				);
				PRODUCT_BUNDLE_IDENTIFIER = "willbrandin.com.WillBrandin-WeatherChallenge";
				PRODUCT_NAME = "$(TARGET_NAME)";
				SWIFT_VERSION = 4.0;
				TARGETED_DEVICE_FAMILY = "1,2";
			};
			name = Debug;
		};
		03B022EC208FB9D300A4E569 /* Release */ = {
			isa = XCBuildConfiguration;
			buildSettings = {
				ASSETCATALOG_COMPILER_APPICON_NAME = AppIcon;
				CODE_SIGN_STYLE = Automatic;
				DEVELOPMENT_TEAM = M5QM989GLQ;
				INFOPLIST_FILE = "WillBrandin-WeatherChallenge/Info.plist";
				IPHONEOS_DEPLOYMENT_TARGET = 11.0;
				LD_RUNPATH_SEARCH_PATHS = (
					"$(inherited)",
					"@executable_path/Frameworks",
				);
				PRODUCT_BUNDLE_IDENTIFIER = "willbrandin.com.WillBrandin-WeatherChallenge";
				PRODUCT_NAME = "$(TARGET_NAME)";
				SWIFT_VERSION = 4.0;
				TARGETED_DEVICE_FAMILY = "1,2";
			};
			name = Release;
		};
		03B022EE208FB9D300A4E569 /* Debug */ = {
			isa = XCBuildConfiguration;
			buildSettings = {
				ALWAYS_EMBED_SWIFT_STANDARD_LIBRARIES = YES;
				BUNDLE_LOADER = "$(TEST_HOST)";
				CODE_SIGN_STYLE = Automatic;
				DEVELOPMENT_TEAM = M5QM989GLQ;
				INFOPLIST_FILE = "WillBrandin-WeatherChallengeTests/Info.plist";
				LD_RUNPATH_SEARCH_PATHS = (
					"$(inherited)",
					"@executable_path/Frameworks",
					"@loader_path/Frameworks",
				);
				PRODUCT_BUNDLE_IDENTIFIER = "willbrandin.com.WillBrandin-WeatherChallengeTests";
				PRODUCT_NAME = "$(TARGET_NAME)";
				SWIFT_VERSION = 4.0;
				TARGETED_DEVICE_FAMILY = "1,2";
				TEST_HOST = "$(BUILT_PRODUCTS_DIR)/WillBrandin-WeatherChallenge.app/WillBrandin-WeatherChallenge";
			};
			name = Debug;
		};
		03B022EF208FB9D300A4E569 /* Release */ = {
			isa = XCBuildConfiguration;
			buildSettings = {
				ALWAYS_EMBED_SWIFT_STANDARD_LIBRARIES = YES;
				BUNDLE_LOADER = "$(TEST_HOST)";
				CODE_SIGN_STYLE = Automatic;
				DEVELOPMENT_TEAM = M5QM989GLQ;
				INFOPLIST_FILE = "WillBrandin-WeatherChallengeTests/Info.plist";
				LD_RUNPATH_SEARCH_PATHS = (
					"$(inherited)",
					"@executable_path/Frameworks",
					"@loader_path/Frameworks",
				);
				PRODUCT_BUNDLE_IDENTIFIER = "willbrandin.com.WillBrandin-WeatherChallengeTests";
				PRODUCT_NAME = "$(TARGET_NAME)";
				SWIFT_VERSION = 4.0;
				TARGETED_DEVICE_FAMILY = "1,2";
				TEST_HOST = "$(BUILT_PRODUCTS_DIR)/WillBrandin-WeatherChallenge.app/WillBrandin-WeatherChallenge";
			};
			name = Release;
		};
/* End XCBuildConfiguration section */

/* Begin XCConfigurationList section */
		03B022C8208FB9D100A4E569 /* Build configuration list for PBXProject "WillBrandin-WeatherChallenge" */ = {
			isa = XCConfigurationList;
			buildConfigurations = (
				03B022E8208FB9D300A4E569 /* Debug */,
				03B022E9208FB9D300A4E569 /* Release */,
			);
			defaultConfigurationIsVisible = 0;
			defaultConfigurationName = Release;
		};
		03B022EA208FB9D300A4E569 /* Build configuration list for PBXNativeTarget "WillBrandin-WeatherChallenge" */ = {
			isa = XCConfigurationList;
			buildConfigurations = (
				03B022EB208FB9D300A4E569 /* Debug */,
				03B022EC208FB9D300A4E569 /* Release */,
			);
			defaultConfigurationIsVisible = 0;
			defaultConfigurationName = Release;
		};
		03B022ED208FB9D300A4E569 /* Build configuration list for PBXNativeTarget "WillBrandin-WeatherChallengeTests" */ = {
			isa = XCConfigurationList;
			buildConfigurations = (
				03B022EE208FB9D300A4E569 /* Debug */,
				03B022EF208FB9D300A4E569 /* Release */,
			);
			defaultConfigurationIsVisible = 0;
			defaultConfigurationName = Release;
		};
/* End XCConfigurationList section */
	};
	rootObject = 03B022C5208FB9D100A4E569 /* Project object */;
}
